
Microsoft Visual Studio Solution File, Format Version 12.00
# Visual Studio 15
VisualStudioVersion = 15.0.27004.2002
MinimumVisualStudioVersion = 10.0.40219.1
Project("{FAE04EC0-301F-11D3-BF4B-00C04F79EFBC}") = "EmailSenderInterfaces", "EmailSenderInterfaces\EmailSenderInterfaces.csproj", "{7C8A6463-3DF5-4F35-8821-E04AAB04746C}"
EndProject
Global
	GlobalSection(SolutionConfigurationPlatforms) = preSolution
		Debug|Any CPU = Debug|Any CPU
		Release|Any CPU = Release|Any CPU
	EndGlobalSection
	GlobalSection(ProjectConfigurationPlatforms) = postSolution
		{7C8A6463-3DF5-4F35-8821-E04AAB04746C}.Debug|Any CPU.ActiveCfg = Debug|Any CPU
		{7C8A6463-3DF5-4F35-8821-E04AAB04746C}.Debug|Any CPU.Build.0 = Debug|Any CPU
		{7C8A6463-3DF5-4F35-8821-E04AAB04746C}.Release|Any CPU.ActiveCfg = Release|Any CPU
		{7C8A6463-3DF5-4F35-8821-E04AAB04746C}.Release|Any CPU.Build.0 = Release|Any CPU
	EndGlobalSection
	GlobalSection(SolutionProperties) = preSolution
		HideSolutionNode = FALSE
	EndGlobalSection
	GlobalSection(ExtensibilityGlobals) = postSolution
		SolutionGuid = {2CAEB805-0858-485A-8901-503E31D36E7C}
	EndGlobalSection
EndGlobal
