
Microsoft Visual Studio Solution File, Format Version 12.00
# Visual Studio 15
VisualStudioVersion = 15.0.27004.2002
MinimumVisualStudioVersion = 10.0.40219.1
Project("{FAE04EC0-301F-11D3-BF4B-00C04F79EFBC}") = "EmailSenderInterfaces", "EmailSenderInterfaces\EmailSenderInterfaces.csproj", "{7C8A6463-3DF5-4F35-8821-E04AAB04746C}"
EndProject
Project("{FAE04EC0-301F-11D3-BF4B-00C04F79EFBC}") = "EmailSenderImplementation1", "EmailSenderImplementation1\EmailSenderImplementation1.csproj", "{63906E67-561C-4085-AF62-3E52344A9C43}"
EndProject
Project("{FAE04EC0-301F-11D3-BF4B-00C04F79EFBC}") = "EmailSenderImplementation2", "EmailSenderImplementation2\EmailSenderImplementation2.csproj", "{E40CB260-7AD5-4EAF-A5F5-A4D01AE050BE}"
EndProject
Project("{FAE04EC0-301F-11D3-BF4B-00C04F79EFBC}") = "TinyDependencyInjectionContainer", "TinyDependencyInjectionContainer\TinyDependencyInjectionContainer.csproj", "{310994B2-B4A8-47DE-8CB2-EEAA09769C53}"
EndProject
Project("{FAE04EC0-301F-11D3-BF4B-00C04F79EFBC}") = "Application", "Application\Application.csproj", "{71042156-A80A-4BC6-8737-B6EAD9FACBF5}"
EndProject
Project("{2150E333-8FDC-42A3-9474-1A3956D46DE8}") = "Solution Items", "Solution Items", "{1DF85346-7956-4EAA-A5F8-D3CBAEEA7BD5}"
	ProjectSection(SolutionItems) = preProject
		TDIC_Configuration.txt = TDIC_Configuration.txt
	EndProjectSection
EndProject
Global
	GlobalSection(SolutionConfigurationPlatforms) = preSolution
		Debug|Any CPU = Debug|Any CPU
		Release|Any CPU = Release|Any CPU
	EndGlobalSection
	GlobalSection(ProjectConfigurationPlatforms) = postSolution
		{7C8A6463-3DF5-4F35-8821-E04AAB04746C}.Debug|Any CPU.ActiveCfg = Debug|Any CPU
		{7C8A6463-3DF5-4F35-8821-E04AAB04746C}.Debug|Any CPU.Build.0 = Debug|Any CPU
		{7C8A6463-3DF5-4F35-8821-E04AAB04746C}.Release|Any CPU.ActiveCfg = Release|Any CPU
		{7C8A6463-3DF5-4F35-8821-E04AAB04746C}.Release|Any CPU.Build.0 = Release|Any CPU
		{63906E67-561C-4085-AF62-3E52344A9C43}.Debug|Any CPU.ActiveCfg = Debug|Any CPU
		{63906E67-561C-4085-AF62-3E52344A9C43}.Debug|Any CPU.Build.0 = Debug|Any CPU
		{63906E67-561C-4085-AF62-3E52344A9C43}.Release|Any CPU.ActiveCfg = Release|Any CPU
		{63906E67-561C-4085-AF62-3E52344A9C43}.Release|Any CPU.Build.0 = Release|Any CPU
		{E40CB260-7AD5-4EAF-A5F5-A4D01AE050BE}.Debug|Any CPU.ActiveCfg = Debug|Any CPU
		{E40CB260-7AD5-4EAF-A5F5-A4D01AE050BE}.Debug|Any CPU.Build.0 = Debug|Any CPU
		{E40CB260-7AD5-4EAF-A5F5-A4D01AE050BE}.Release|Any CPU.ActiveCfg = Release|Any CPU
		{E40CB260-7AD5-4EAF-A5F5-A4D01AE050BE}.Release|Any CPU.Build.0 = Release|Any CPU
		{310994B2-B4A8-47DE-8CB2-EEAA09769C53}.Debug|Any CPU.ActiveCfg = Debug|Any CPU
		{310994B2-B4A8-47DE-8CB2-EEAA09769C53}.Debug|Any CPU.Build.0 = Debug|Any CPU
		{310994B2-B4A8-47DE-8CB2-EEAA09769C53}.Release|Any CPU.ActiveCfg = Release|Any CPU
		{310994B2-B4A8-47DE-8CB2-EEAA09769C53}.Release|Any CPU.Build.0 = Release|Any CPU
		{71042156-A80A-4BC6-8737-B6EAD9FACBF5}.Debug|Any CPU.ActiveCfg = Debug|Any CPU
		{71042156-A80A-4BC6-8737-B6EAD9FACBF5}.Debug|Any CPU.Build.0 = Debug|Any CPU
		{71042156-A80A-4BC6-8737-B6EAD9FACBF5}.Release|Any CPU.ActiveCfg = Release|Any CPU
		{71042156-A80A-4BC6-8737-B6EAD9FACBF5}.Release|Any CPU.Build.0 = Release|Any CPU
	EndGlobalSection
	GlobalSection(SolutionProperties) = preSolution
		HideSolutionNode = FALSE
	EndGlobalSection
	GlobalSection(ExtensibilityGlobals) = postSolution
		SolutionGuid = {2CAEB805-0858-485A-8901-503E31D36E7C}
	EndGlobalSection
EndGlobal
